
Microsoft Visual Studio Solution File, Format Version 12.00
# Visual Studio 14
VisualStudioVersion = 14.0.25420.1
MinimumVisualStudioVersion = 10.0.40219.1
Project("{FAE04EC0-301F-11D3-BF4B-00C04F79EFBC}") = "EvotoClient", "EvotoClient\EvotoClient.csproj", "{DB5A3ABF-A872-4DE6-9B12-68D148FBC9FF}"
EndProject
Global
	GlobalSection(SolutionConfigurationPlatforms) = preSolution
		Debug|Any CPU = Debug|Any CPU
		Release|Any CPU = Release|Any CPU
	EndGlobalSection
	GlobalSection(ProjectConfigurationPlatforms) = postSolution
		{DB5A3ABF-A872-4DE6-9B12-68D148FBC9FF}.Debug|Any CPU.ActiveCfg = Debug|Any CPU
		{DB5A3ABF-A872-4DE6-9B12-68D148FBC9FF}.Debug|Any CPU.Build.0 = Debug|Any CPU
		{DB5A3ABF-A872-4DE6-9B12-68D148FBC9FF}.Release|Any CPU.ActiveCfg = Release|Any CPU
		{DB5A3ABF-A872-4DE6-9B12-68D148FBC9FF}.Release|Any CPU.Build.0 = Release|Any CPU
	EndGlobalSection
	GlobalSection(SolutionProperties) = preSolution
		HideSolutionNode = FALSE
	EndGlobalSection
EndGlobal
