
Microsoft Visual Studio Solution File, Format Version 12.00
# Visual Studio 14
VisualStudioVersion = 14.0.25420.1
MinimumVisualStudioVersion = 10.0.40219.1
Project("{FAE04EC0-301F-11D3-BF4B-00C04F79EFBC}") = "EvotoClient", "EvotoClient\EvotoClient.csproj", "{DB5A3ABF-A872-4DE6-9B12-68D148FBC9FF}"
EndProject
Project("{FAE04EC0-301F-11D3-BF4B-00C04F79EFBC}") = "Models", "Models\Models.csproj", "{611449CD-3ED2-4BDD-A8F1-A465DE6A2376}"
EndProject
Project("{FAE04EC0-301F-11D3-BF4B-00C04F79EFBC}") = "Api", "Api\Api.csproj", "{F91F9AB4-49B2-4284-8B40-BE665388DEA9}"
EndProject
Project("{FAE04EC0-301F-11D3-BF4B-00C04F79EFBC}") = "Blockchain", "EvotoBlockchain\Blockchain\Blockchain.csproj", "{28880810-9210-4B1B-A320-FEB6F91A6745}"
EndProject
Project("{FAE04EC0-301F-11D3-BF4B-00C04F79EFBC}") = "MultiChainLib", "EvotoBlockchain\MultiChainLib\MultiChainLib\MultiChainLib.csproj", "{F7C35562-FDD5-4124-86DF-B8BE94CF816D}"
EndProject
Project("{6141683F-8A12-4E36-9623-2EB02B2C2303}") = "Installer", "Installer\Installer.isproj", "{FD3C6142-6A6C-4987-BF8E-BFE2878BAC01}"
EndProject
Global
	GlobalSection(SolutionConfigurationPlatforms) = preSolution
		CD_ROM|Any CPU = CD_ROM|Any CPU
		Debug|Any CPU = Debug|Any CPU
		DVD-5|Any CPU = DVD-5|Any CPU
		Release|Any CPU = Release|Any CPU
		SingleImage|Any CPU = SingleImage|Any CPU
	EndGlobalSection
	GlobalSection(ProjectConfigurationPlatforms) = postSolution
		{DB5A3ABF-A872-4DE6-9B12-68D148FBC9FF}.CD_ROM|Any CPU.ActiveCfg = Release|Any CPU
		{DB5A3ABF-A872-4DE6-9B12-68D148FBC9FF}.CD_ROM|Any CPU.Build.0 = Release|Any CPU
		{DB5A3ABF-A872-4DE6-9B12-68D148FBC9FF}.Debug|Any CPU.ActiveCfg = Debug|Any CPU
		{DB5A3ABF-A872-4DE6-9B12-68D148FBC9FF}.Debug|Any CPU.Build.0 = Debug|Any CPU
		{DB5A3ABF-A872-4DE6-9B12-68D148FBC9FF}.DVD-5|Any CPU.ActiveCfg = Debug|Any CPU
		{DB5A3ABF-A872-4DE6-9B12-68D148FBC9FF}.DVD-5|Any CPU.Build.0 = Debug|Any CPU
		{DB5A3ABF-A872-4DE6-9B12-68D148FBC9FF}.Release|Any CPU.ActiveCfg = Release|Any CPU
		{DB5A3ABF-A872-4DE6-9B12-68D148FBC9FF}.Release|Any CPU.Build.0 = Release|Any CPU
		{DB5A3ABF-A872-4DE6-9B12-68D148FBC9FF}.SingleImage|Any CPU.ActiveCfg = Release|Any CPU
		{DB5A3ABF-A872-4DE6-9B12-68D148FBC9FF}.SingleImage|Any CPU.Build.0 = Release|Any CPU
		{611449CD-3ED2-4BDD-A8F1-A465DE6A2376}.CD_ROM|Any CPU.ActiveCfg = Release|Any CPU
		{611449CD-3ED2-4BDD-A8F1-A465DE6A2376}.CD_ROM|Any CPU.Build.0 = Release|Any CPU
		{611449CD-3ED2-4BDD-A8F1-A465DE6A2376}.Debug|Any CPU.ActiveCfg = Debug|Any CPU
		{611449CD-3ED2-4BDD-A8F1-A465DE6A2376}.Debug|Any CPU.Build.0 = Debug|Any CPU
		{611449CD-3ED2-4BDD-A8F1-A465DE6A2376}.DVD-5|Any CPU.ActiveCfg = Debug|Any CPU
		{611449CD-3ED2-4BDD-A8F1-A465DE6A2376}.DVD-5|Any CPU.Build.0 = Debug|Any CPU
		{611449CD-3ED2-4BDD-A8F1-A465DE6A2376}.Release|Any CPU.ActiveCfg = Release|Any CPU
		{611449CD-3ED2-4BDD-A8F1-A465DE6A2376}.Release|Any CPU.Build.0 = Release|Any CPU
		{611449CD-3ED2-4BDD-A8F1-A465DE6A2376}.SingleImage|Any CPU.ActiveCfg = Release|Any CPU
		{611449CD-3ED2-4BDD-A8F1-A465DE6A2376}.SingleImage|Any CPU.Build.0 = Release|Any CPU
		{F91F9AB4-49B2-4284-8B40-BE665388DEA9}.CD_ROM|Any CPU.ActiveCfg = Release|Any CPU
		{F91F9AB4-49B2-4284-8B40-BE665388DEA9}.CD_ROM|Any CPU.Build.0 = Release|Any CPU
		{F91F9AB4-49B2-4284-8B40-BE665388DEA9}.Debug|Any CPU.ActiveCfg = Debug|Any CPU
		{F91F9AB4-49B2-4284-8B40-BE665388DEA9}.Debug|Any CPU.Build.0 = Debug|Any CPU
		{F91F9AB4-49B2-4284-8B40-BE665388DEA9}.DVD-5|Any CPU.ActiveCfg = Debug|Any CPU
		{F91F9AB4-49B2-4284-8B40-BE665388DEA9}.DVD-5|Any CPU.Build.0 = Debug|Any CPU
		{F91F9AB4-49B2-4284-8B40-BE665388DEA9}.Release|Any CPU.ActiveCfg = Release|Any CPU
		{F91F9AB4-49B2-4284-8B40-BE665388DEA9}.Release|Any CPU.Build.0 = Release|Any CPU
		{F91F9AB4-49B2-4284-8B40-BE665388DEA9}.SingleImage|Any CPU.ActiveCfg = Release|Any CPU
		{F91F9AB4-49B2-4284-8B40-BE665388DEA9}.SingleImage|Any CPU.Build.0 = Release|Any CPU
		{28880810-9210-4B1B-A320-FEB6F91A6745}.CD_ROM|Any CPU.ActiveCfg = Release|Any CPU
		{28880810-9210-4B1B-A320-FEB6F91A6745}.CD_ROM|Any CPU.Build.0 = Release|Any CPU
		{28880810-9210-4B1B-A320-FEB6F91A6745}.Debug|Any CPU.ActiveCfg = Debug|Any CPU
		{28880810-9210-4B1B-A320-FEB6F91A6745}.Debug|Any CPU.Build.0 = Debug|Any CPU
		{28880810-9210-4B1B-A320-FEB6F91A6745}.DVD-5|Any CPU.ActiveCfg = Debug|Any CPU
		{28880810-9210-4B1B-A320-FEB6F91A6745}.DVD-5|Any CPU.Build.0 = Debug|Any CPU
		{28880810-9210-4B1B-A320-FEB6F91A6745}.Release|Any CPU.ActiveCfg = Release|Any CPU
		{28880810-9210-4B1B-A320-FEB6F91A6745}.Release|Any CPU.Build.0 = Release|Any CPU
		{28880810-9210-4B1B-A320-FEB6F91A6745}.SingleImage|Any CPU.ActiveCfg = Release|Any CPU
		{28880810-9210-4B1B-A320-FEB6F91A6745}.SingleImage|Any CPU.Build.0 = Release|Any CPU
		{F7C35562-FDD5-4124-86DF-B8BE94CF816D}.CD_ROM|Any CPU.ActiveCfg = Release|Any CPU
		{F7C35562-FDD5-4124-86DF-B8BE94CF816D}.CD_ROM|Any CPU.Build.0 = Release|Any CPU
		{F7C35562-FDD5-4124-86DF-B8BE94CF816D}.Debug|Any CPU.ActiveCfg = Debug|Any CPU
		{F7C35562-FDD5-4124-86DF-B8BE94CF816D}.Debug|Any CPU.Build.0 = Debug|Any CPU
		{F7C35562-FDD5-4124-86DF-B8BE94CF816D}.DVD-5|Any CPU.ActiveCfg = Debug|Any CPU
		{F7C35562-FDD5-4124-86DF-B8BE94CF816D}.DVD-5|Any CPU.Build.0 = Debug|Any CPU
		{F7C35562-FDD5-4124-86DF-B8BE94CF816D}.Release|Any CPU.ActiveCfg = Release|Any CPU
		{F7C35562-FDD5-4124-86DF-B8BE94CF816D}.Release|Any CPU.Build.0 = Release|Any CPU
		{F7C35562-FDD5-4124-86DF-B8BE94CF816D}.SingleImage|Any CPU.ActiveCfg = Release|Any CPU
		{F7C35562-FDD5-4124-86DF-B8BE94CF816D}.SingleImage|Any CPU.Build.0 = Release|Any CPU
		{FD3C6142-6A6C-4987-BF8E-BFE2878BAC01}.CD_ROM|Any CPU.ActiveCfg = CD_ROM
		{FD3C6142-6A6C-4987-BF8E-BFE2878BAC01}.CD_ROM|Any CPU.Build.0 = CD_ROM
		{FD3C6142-6A6C-4987-BF8E-BFE2878BAC01}.Debug|Any CPU.ActiveCfg = SingleImage
		{FD3C6142-6A6C-4987-BF8E-BFE2878BAC01}.Debug|Any CPU.Build.0 = SingleImage
		{FD3C6142-6A6C-4987-BF8E-BFE2878BAC01}.DVD-5|Any CPU.ActiveCfg = DVD-5
		{FD3C6142-6A6C-4987-BF8E-BFE2878BAC01}.DVD-5|Any CPU.Build.0 = DVD-5
		{FD3C6142-6A6C-4987-BF8E-BFE2878BAC01}.Release|Any CPU.ActiveCfg = SingleImage
		{FD3C6142-6A6C-4987-BF8E-BFE2878BAC01}.Release|Any CPU.Build.0 = SingleImage
		{FD3C6142-6A6C-4987-BF8E-BFE2878BAC01}.SingleImage|Any CPU.ActiveCfg = SingleImage
		{FD3C6142-6A6C-4987-BF8E-BFE2878BAC01}.SingleImage|Any CPU.Build.0 = SingleImage
	EndGlobalSection
	GlobalSection(SolutionProperties) = preSolution
		HideSolutionNode = FALSE
	EndGlobalSection
EndGlobal
